
Microsoft Visual Studio Solution File, Format Version 12.00
# Visual Studio Version 16
VisualStudioVersion = 16.0.29102.190
MinimumVisualStudioVersion = 10.0.40219.1
Project("{FAE04EC0-301F-11D3-BF4B-00C04F79EFBC}") = "WorkOrder", "WorkOrder\WorkOrder.csproj", "{51D8D060-E294-46C1-A029-147E42AAB5EB}"
EndProject
Project("{FAE04EC0-301F-11D3-BF4B-00C04F79EFBC}") = "oalib_v2", "oalib_v2\oalib_v2.csproj", "{7BC19CD9-CB4F-41C0-A547-CF9508CD595B}"
EndProject
Project("{FAE04EC0-301F-11D3-BF4B-00C04F79EFBC}") = "SQLEditor", "SQLEditor\SQLEditor.csproj", "{0F8FDE33-1046-4A02-8911-4424D564D6BB}"
EndProject
Global
	GlobalSection(SolutionConfigurationPlatforms) = preSolution
		Debug|Any CPU = Debug|Any CPU
		Release|Any CPU = Release|Any CPU
	EndGlobalSection
	GlobalSection(ProjectConfigurationPlatforms) = postSolution
		{51D8D060-E294-46C1-A029-147E42AAB5EB}.Debug|Any CPU.ActiveCfg = Debug|Any CPU
		{51D8D060-E294-46C1-A029-147E42AAB5EB}.Debug|Any CPU.Build.0 = Debug|Any CPU
		{51D8D060-E294-46C1-A029-147E42AAB5EB}.Release|Any CPU.ActiveCfg = Release|Any CPU
		{51D8D060-E294-46C1-A029-147E42AAB5EB}.Release|Any CPU.Build.0 = Release|Any CPU
		{7BC19CD9-CB4F-41C0-A547-CF9508CD595B}.Debug|Any CPU.ActiveCfg = Debug|Any CPU
		{7BC19CD9-CB4F-41C0-A547-CF9508CD595B}.Debug|Any CPU.Build.0 = Debug|Any CPU
		{7BC19CD9-CB4F-41C0-A547-CF9508CD595B}.Release|Any CPU.ActiveCfg = Release|Any CPU
		{7BC19CD9-CB4F-41C0-A547-CF9508CD595B}.Release|Any CPU.Build.0 = Release|Any CPU
		{0F8FDE33-1046-4A02-8911-4424D564D6BB}.Debug|Any CPU.ActiveCfg = Debug|Any CPU
		{0F8FDE33-1046-4A02-8911-4424D564D6BB}.Debug|Any CPU.Build.0 = Debug|Any CPU
		{0F8FDE33-1046-4A02-8911-4424D564D6BB}.Release|Any CPU.ActiveCfg = Release|Any CPU
		{0F8FDE33-1046-4A02-8911-4424D564D6BB}.Release|Any CPU.Build.0 = Release|Any CPU
	EndGlobalSection
	GlobalSection(SolutionProperties) = preSolution
		HideSolutionNode = FALSE
	EndGlobalSection
	GlobalSection(ExtensibilityGlobals) = postSolution
		SolutionGuid = {89725BB9-399B-460D-99B7-59608200B8E8}
	EndGlobalSection
EndGlobal
